
Microsoft Visual Studio Solution File, Format Version 12.00
# Visual Studio Version 17
VisualStudioVersion = 17.9.34723.18
MinimumVisualStudioVersion = 10.0.40219.1
Project("{FAE04EC0-301F-11D3-BF4B-00C04F79EFBC}") = "TaskManagementSystem", "TaskManagementSystem\TaskManagementSystem.csproj", "{0662521D-BEC9-406B-A8BE-83F89005899B}"
EndProject
Project("{FAE04EC0-301F-11D3-BF4B-00C04F79EFBC}") = "Demo", "Demo\Demo.csproj", "{C9DD6828-3938-4486-87DA-D19E6EAD766C}"
EndProject
Project("{FAE04EC0-301F-11D3-BF4B-00C04F79EFBC}") = "GUI_ManagementSystem", "GUI_ManagementSystem\GUI_ManagementSystem.csproj", "{DE743CA5-F216-4688-A640-4C30E2CB7381}"
EndProject
Global
	GlobalSection(SolutionConfigurationPlatforms) = preSolution
		Debug|Any CPU = Debug|Any CPU
		Release|Any CPU = Release|Any CPU
	EndGlobalSection
	GlobalSection(ProjectConfigurationPlatforms) = postSolution
		{0662521D-BEC9-406B-A8BE-83F89005899B}.Debug|Any CPU.ActiveCfg = Debug|Any CPU
		{0662521D-BEC9-406B-A8BE-83F89005899B}.Debug|Any CPU.Build.0 = Debug|Any CPU
		{0662521D-BEC9-406B-A8BE-83F89005899B}.Release|Any CPU.ActiveCfg = Release|Any CPU
		{0662521D-BEC9-406B-A8BE-83F89005899B}.Release|Any CPU.Build.0 = Release|Any CPU
		{C9DD6828-3938-4486-87DA-D19E6EAD766C}.Debug|Any CPU.ActiveCfg = Debug|Any CPU
		{C9DD6828-3938-4486-87DA-D19E6EAD766C}.Debug|Any CPU.Build.0 = Debug|Any CPU
		{C9DD6828-3938-4486-87DA-D19E6EAD766C}.Release|Any CPU.ActiveCfg = Release|Any CPU
		{C9DD6828-3938-4486-87DA-D19E6EAD766C}.Release|Any CPU.Build.0 = Release|Any CPU
		{DE743CA5-F216-4688-A640-4C30E2CB7381}.Debug|Any CPU.ActiveCfg = Debug|Any CPU
		{DE743CA5-F216-4688-A640-4C30E2CB7381}.Debug|Any CPU.Build.0 = Debug|Any CPU
		{DE743CA5-F216-4688-A640-4C30E2CB7381}.Release|Any CPU.ActiveCfg = Release|Any CPU
		{DE743CA5-F216-4688-A640-4C30E2CB7381}.Release|Any CPU.Build.0 = Release|Any CPU
	EndGlobalSection
	GlobalSection(SolutionProperties) = preSolution
		HideSolutionNode = FALSE
	EndGlobalSection
	GlobalSection(ExtensibilityGlobals) = postSolution
		SolutionGuid = {56DA19B2-FFFC-4DE0-968D-A1B32EC83BDB}
	EndGlobalSection
EndGlobal
